<?xml version="1.0" encoding="utf-8"?>
<Project ToolsVersion="4.0" xmlns="http://schemas.microsoft.com/developer/msbuild/2003">
  <ItemGroup>
    <Filter Include="Source Files">
      <UniqueIdentifier>{4FC737F1-C7A5-4376-A066-2A32D752A2FF}</UniqueIdentifier>
      <Extensions>cpp;c;cc;cxx;c++;cppm;ixx;def;odl;idl;hpj;bat;asm;asmx</Extensions>
    </Filter>
    <Filter Include="Header Files">
      <UniqueIdentifier>{93995380-89BD-4b04-88EB-625FBE52EBFB}</UniqueIdentifier>
      <Extensions>h;hh;hpp;hxx;h++;hm;inl;inc;ipp;xsd</Extensions>
    </Filter>
    <Filter Include="Resource Files">
      <UniqueIdentifier>{67DA6AB6-F800-4c08-8B7A-83BB121AAD01}</UniqueIdentifier>
      <Extensions>rc;ico;cur;bmp;dlg;rc2;rct;bin;rgs;gif;jpg;jpeg;jpe;resx;tiff;tif;png;wav;mfcribbon-ms</Extensions>
    </Filter>
    <Filter Include="Header Files\Models">
      <UniqueIdentifier>{1edef8b8-2f2b-47a3-a3ff-cd0e0ffd8e40}</UniqueIdentifier>
    </Filter>
    <Filter Include="Header Files\Services">
      <UniqueIdentifier>{581ffdad-916b-4c6b-b512-6ecf0817d9ee}</UniqueIdentifier>
    </Filter>
    <Filter Include="Header Files\Contreollers">
      <UniqueIdentifier>{4b9a13e5-36bd-4c2b-a861-c06cc80c22a8}</UniqueIdentifier>
    </Filter>
    <Filter Include="Source Files\Models">
      <UniqueIdentifier>{27870400-f8ed-408d-9eb6-11effc320201}</UniqueIdentifier>
    </Filter>
    <Filter Include="Source Files\Services">
      <UniqueIdentifier>{cfc27ca0-1d83-4aa6-aca4-f0fce700e666}</UniqueIdentifier>
    </Filter>
    <Filter Include="Source Files\Controllers">
      <UniqueIdentifier>{95325a43-846a-49c3-9fd7-822a182783a2}</UniqueIdentifier>
    </Filter>
    <Filter Include="Data">
      <UniqueIdentifier>{22dcd42b-ed72-4015-9898-a7d8238b2cb6}</UniqueIdentifier>
    </Filter>
  </ItemGroup>
  <ItemGroup>
    <ClCompile Include="HotelManager.cpp">
      <Filter>Source Files</Filter>
    </ClCompile>
    <ClCompile Include="Date.cpp">
      <Filter>Source Files\Models</Filter>
    </ClCompile>
    <ClCompile Include="Room.cpp">
      <Filter>Source Files\Models</Filter>
    </ClCompile>
    <ClCompile Include="Time.cpp">
      <Filter>Source Files\Models</Filter>
    </ClCompile>
    <ClCompile Include="Reservation.cpp">
      <Filter>Source Files\Models</Filter>
    </ClCompile>
    <ClCompile Include="ReservationsService.cpp">
      <Filter>Source Files\Services</Filter>
    </ClCompile>
    <ClCompile Include="RoomsService.cpp">
      <Filter>Source Files\Services</Filter>
    </ClCompile>
    <ClCompile Include="ReservationsController.cpp">
      <Filter>Source Files\Controllers</Filter>
    </ClCompile>
    <ClCompile Include="RoomsController.cpp">
      <Filter>Source Files\Controllers</Filter>
    </ClCompile>
    <ClCompile Include="CloseRoom.cpp">
      <Filter>Source Files\Models</Filter>
    </ClCompile>
    <ClCompile Include="CloseRoomsService.cpp">
      <Filter>Source Files\Services</Filter>
    </ClCompile>
    <ClCompile Include="CloseRoomsController.cpp">
      <Filter>Source Files\Controllers</Filter>
    </ClCompile>
  </ItemGroup>
  <ItemGroup>
    <ClInclude Include="Date.h">
      <Filter>Header Files\Models</Filter>
    </ClInclude>
    <ClInclude Include="Reservation.h">
      <Filter>Header Files\Models</Filter>
    </ClInclude>
    <ClInclude Include="ReservationsController.h">
      <Filter>Header Files\Contreollers</Filter>
    </ClInclude>
    <ClInclude Include="ReservationsService.h">
      <Filter>Header Files\Services</Filter>
    </ClInclude>
    <ClInclude Include="RoomsController.h">
      <Filter>Header Files\Contreollers</Filter>
    </ClInclude>
    <ClInclude Include="RoomsService.h">
      <Filter>Header Files\Services</Filter>
    </ClInclude>
    <ClInclude Include="Time.h">
      <Filter>Header Files\Models</Filter>
    </ClInclude>
    <ClInclude Include="Room.h">
      <Filter>Header Files\Models</Filter>
    </ClInclude>
    <ClInclude Include="CloseRoom.h">
      <Filter>Header Files\Models</Filter>
    </ClInclude>
    <ClInclude Include="CloseRoomsService.h">
      <Filter>Header Files\Services</Filter>
    </ClInclude>
    <ClInclude Include="CloseRoomsController.h">
      <Filter>Header Files\Contreollers</Filter>
    </ClInclude>
  </ItemGroup>
  <ItemGroup>
    <None Include="packages.config" />
    <None Include="Data\rooms.dat">
      <Filter>Data</Filter>
    </None>
    <None Include="Data\reservations.dat">
      <Filter>Data</Filter>
    </None>
  </ItemGroup>
</Project>